
Microsoft Visual Studio Solution File, Format Version 12.00
# Visual Studio Version 17
VisualStudioVersion = 17.5.33516.290
MinimumVisualStudioVersion = 10.0.40219.1
Project("{9A19103F-16F7-4668-BE54-9A1E7A4F7556}") = "Dev_Piton.API", "Dev_Piton.API\Dev_Piton.API.csproj", "{8436E409-73FD-4692-A89F-3065B30803C7}"
EndProject
Project("{9A19103F-16F7-4668-BE54-9A1E7A4F7556}") = "Dev_Piton.Core", "Dev_Piton.Core\Dev_Piton.Core.csproj", "{8FEDAD20-5B5F-4BE8-8699-A10E053627D1}"
EndProject
Project("{FAE04EC0-301F-11D3-BF4B-00C04F79EFBC}") = "Dev_Piton.Infrastructure", "Dev_Piton.Infrastructure\Dev_Piton.Infrastructure.csproj", "{0D5D3E64-9E98-4830-9195-14C20A382040}"
EndProject
Global
	GlobalSection(SolutionConfigurationPlatforms) = preSolution
		Debug|Any CPU = Debug|Any CPU
		Release|Any CPU = Release|Any CPU
	EndGlobalSection
	GlobalSection(ProjectConfigurationPlatforms) = postSolution
		{8436E409-73FD-4692-A89F-3065B30803C7}.Debug|Any CPU.ActiveCfg = Debug|Any CPU
		{8436E409-73FD-4692-A89F-3065B30803C7}.Debug|Any CPU.Build.0 = Debug|Any CPU
		{8436E409-73FD-4692-A89F-3065B30803C7}.Release|Any CPU.ActiveCfg = Release|Any CPU
		{8436E409-73FD-4692-A89F-3065B30803C7}.Release|Any CPU.Build.0 = Release|Any CPU
		{8FEDAD20-5B5F-4BE8-8699-A10E053627D1}.Debug|Any CPU.ActiveCfg = Debug|Any CPU
		{8FEDAD20-5B5F-4BE8-8699-A10E053627D1}.Debug|Any CPU.Build.0 = Debug|Any CPU
		{8FEDAD20-5B5F-4BE8-8699-A10E053627D1}.Release|Any CPU.ActiveCfg = Release|Any CPU
		{8FEDAD20-5B5F-4BE8-8699-A10E053627D1}.Release|Any CPU.Build.0 = Release|Any CPU
		{0D5D3E64-9E98-4830-9195-14C20A382040}.Debug|Any CPU.ActiveCfg = Debug|Any CPU
		{0D5D3E64-9E98-4830-9195-14C20A382040}.Debug|Any CPU.Build.0 = Debug|Any CPU
		{0D5D3E64-9E98-4830-9195-14C20A382040}.Release|Any CPU.ActiveCfg = Release|Any CPU
		{0D5D3E64-9E98-4830-9195-14C20A382040}.Release|Any CPU.Build.0 = Release|Any CPU
	EndGlobalSection
	GlobalSection(SolutionProperties) = preSolution
		HideSolutionNode = FALSE
	EndGlobalSection
	GlobalSection(ExtensibilityGlobals) = postSolution
		SolutionGuid = {253EDB6C-8B09-4BE3-974D-79B9F91C8011}
	EndGlobalSection
EndGlobal
